
Microsoft Visual Studio Solution File, Format Version 12.00
# Visual Studio 15
Project("{FAE04EC0-301F-11D3-BF4B-00C04F79EFBC}") = "TwitchCivUnity", "TwitchCivUnity.csproj", "{A94E346A-6E7C-90E8-13B7-65A9AF435696}"
EndProject
Project("{FAE04EC0-301F-11D3-BF4B-00C04F79EFBC}") = "TwitchCivUnity.Editor", "TwitchCivUnity.Editor.csproj", "{2F8D8D3E-BA07-256C-C3D5-A9D9A7EC3CC3}"
EndProject
Global
	GlobalSection(SolutionConfigurationPlatforms) = preSolution
		Debug|Any CPU = Debug|Any CPU
		Release|Any CPU = Release|Any CPU
	EndGlobalSection
	GlobalSection(ProjectConfigurationPlatforms) = postSolution
		{A94E346A-6E7C-90E8-13B7-65A9AF435696}.Debug|Any CPU.ActiveCfg = Debug|Any CPU
		{A94E346A-6E7C-90E8-13B7-65A9AF435696}.Debug|Any CPU.Build.0 = Debug|Any CPU
		{A94E346A-6E7C-90E8-13B7-65A9AF435696}.Release|Any CPU.ActiveCfg = Release|Any CPU
		{A94E346A-6E7C-90E8-13B7-65A9AF435696}.Release|Any CPU.Build.0 = Release|Any CPU
		{2F8D8D3E-BA07-256C-C3D5-A9D9A7EC3CC3}.Debug|Any CPU.ActiveCfg = Debug|Any CPU
		{2F8D8D3E-BA07-256C-C3D5-A9D9A7EC3CC3}.Debug|Any CPU.Build.0 = Debug|Any CPU
		{2F8D8D3E-BA07-256C-C3D5-A9D9A7EC3CC3}.Release|Any CPU.ActiveCfg = Release|Any CPU
		{2F8D8D3E-BA07-256C-C3D5-A9D9A7EC3CC3}.Release|Any CPU.Build.0 = Release|Any CPU
	EndGlobalSection
	GlobalSection(SolutionProperties) = preSolution
		HideSolutionNode = FALSE
	EndGlobalSection
EndGlobal
