
Microsoft Visual Studio Solution File, Format Version 12.00
# Visual Studio 15
Project("{FAE04EC0-301F-11D3-BF4B-00C04F79EFBC}") = "Assembly-CSharp", "Assembly-CSharp.csproj", "{992FB88A-3408-5891-16FE-C5FC48909612}"
EndProject
Project("{FAE04EC0-301F-11D3-BF4B-00C04F79EFBC}") = "SteamVR", "SteamVR.csproj", "{7DEF6B44-AD3E-FB43-F488-3D784E66F59B}"
EndProject
Project("{FAE04EC0-301F-11D3-BF4B-00C04F79EFBC}") = "SteamVR_Actions", "SteamVR_Actions.csproj", "{72BC6DEA-CE82-4213-C86A-3C79400C8514}"
EndProject
Project("{FAE04EC0-301F-11D3-BF4B-00C04F79EFBC}") = "SteamVR_Editor", "SteamVR_Editor.csproj", "{660DAFAD-59B2-4AE1-886C-9B77D8CA040D}"
EndProject
Project("{FAE04EC0-301F-11D3-BF4B-00C04F79EFBC}") = "SteamVR_Input_Editor", "SteamVR_Input_Editor.csproj", "{3A558569-1B30-BE56-8011-A9DEECC0324E}"
EndProject
Project("{FAE04EC0-301F-11D3-BF4B-00C04F79EFBC}") = "Assembly-CSharp-Editor", "Assembly-CSharp-Editor.csproj", "{FF777B23-100C-A039-94A0-72BC5362EC8D}"
EndProject
Project("{FAE04EC0-301F-11D3-BF4B-00C04F79EFBC}") = "SteamVR_Windows_EditorHelper", "SteamVR_Windows_EditorHelper.csproj", "{EEE4301F-4B44-5770-0439-E40D28ACBFF4}"
EndProject
Global
	GlobalSection(SolutionConfigurationPlatforms) = preSolution
		Debug|Any CPU = Debug|Any CPU
		Release|Any CPU = Release|Any CPU
	EndGlobalSection
	GlobalSection(ProjectConfigurationPlatforms) = postSolution
		{992FB88A-3408-5891-16FE-C5FC48909612}.Debug|Any CPU.ActiveCfg = Debug|Any CPU
		{992FB88A-3408-5891-16FE-C5FC48909612}.Debug|Any CPU.Build.0 = Debug|Any CPU
		{992FB88A-3408-5891-16FE-C5FC48909612}.Release|Any CPU.ActiveCfg = Release|Any CPU
		{992FB88A-3408-5891-16FE-C5FC48909612}.Release|Any CPU.Build.0 = Release|Any CPU
		{7DEF6B44-AD3E-FB43-F488-3D784E66F59B}.Debug|Any CPU.ActiveCfg = Debug|Any CPU
		{7DEF6B44-AD3E-FB43-F488-3D784E66F59B}.Debug|Any CPU.Build.0 = Debug|Any CPU
		{7DEF6B44-AD3E-FB43-F488-3D784E66F59B}.Release|Any CPU.ActiveCfg = Release|Any CPU
		{7DEF6B44-AD3E-FB43-F488-3D784E66F59B}.Release|Any CPU.Build.0 = Release|Any CPU
		{72BC6DEA-CE82-4213-C86A-3C79400C8514}.Debug|Any CPU.ActiveCfg = Debug|Any CPU
		{72BC6DEA-CE82-4213-C86A-3C79400C8514}.Debug|Any CPU.Build.0 = Debug|Any CPU
		{72BC6DEA-CE82-4213-C86A-3C79400C8514}.Release|Any CPU.ActiveCfg = Release|Any CPU
		{72BC6DEA-CE82-4213-C86A-3C79400C8514}.Release|Any CPU.Build.0 = Release|Any CPU
		{660DAFAD-59B2-4AE1-886C-9B77D8CA040D}.Debug|Any CPU.ActiveCfg = Debug|Any CPU
		{660DAFAD-59B2-4AE1-886C-9B77D8CA040D}.Debug|Any CPU.Build.0 = Debug|Any CPU
		{660DAFAD-59B2-4AE1-886C-9B77D8CA040D}.Release|Any CPU.ActiveCfg = Release|Any CPU
		{660DAFAD-59B2-4AE1-886C-9B77D8CA040D}.Release|Any CPU.Build.0 = Release|Any CPU
		{3A558569-1B30-BE56-8011-A9DEECC0324E}.Debug|Any CPU.ActiveCfg = Debug|Any CPU
		{3A558569-1B30-BE56-8011-A9DEECC0324E}.Debug|Any CPU.Build.0 = Debug|Any CPU
		{3A558569-1B30-BE56-8011-A9DEECC0324E}.Release|Any CPU.ActiveCfg = Release|Any CPU
		{3A558569-1B30-BE56-8011-A9DEECC0324E}.Release|Any CPU.Build.0 = Release|Any CPU
		{FF777B23-100C-A039-94A0-72BC5362EC8D}.Debug|Any CPU.ActiveCfg = Debug|Any CPU
		{FF777B23-100C-A039-94A0-72BC5362EC8D}.Debug|Any CPU.Build.0 = Debug|Any CPU
		{FF777B23-100C-A039-94A0-72BC5362EC8D}.Release|Any CPU.ActiveCfg = Release|Any CPU
		{FF777B23-100C-A039-94A0-72BC5362EC8D}.Release|Any CPU.Build.0 = Release|Any CPU
		{EEE4301F-4B44-5770-0439-E40D28ACBFF4}.Debug|Any CPU.ActiveCfg = Debug|Any CPU
		{EEE4301F-4B44-5770-0439-E40D28ACBFF4}.Debug|Any CPU.Build.0 = Debug|Any CPU
		{EEE4301F-4B44-5770-0439-E40D28ACBFF4}.Release|Any CPU.ActiveCfg = Release|Any CPU
		{EEE4301F-4B44-5770-0439-E40D28ACBFF4}.Release|Any CPU.Build.0 = Release|Any CPU
	EndGlobalSection
	GlobalSection(SolutionProperties) = preSolution
		HideSolutionNode = FALSE
	EndGlobalSection
EndGlobal
